{"1.2.0",
[{<<"merklet">>,{pkg,<<"merklet">>,<<"2.0.0">>},0},
 {<<"quickrand">>,{pkg,<<"quickrand">>,<<"2.0.7">>},1},
 {<<"uuid_erl">>,{pkg,<<"uuid_erl">>,<<"2.0.7">>},0}]}.
[
{pkg_hash,[
 {<<"merklet">>, <<"9E53AA5F83B4CE33A8EE0BEDC798AA54A1750A8FD92D649FC04BA7F7B8E65E78">>},
 {<<"quickrand">>, <<"D2BD76676A446E6A058D678444B7FDA1387B813710D1AF6D6E29BB92186C8820">>},
 {<<"uuid_erl">>, <<"B2078D2CC814F53AFA52D36C91E08962C7E7373585C623F4C0EA6DFB04B2AF94">>}]},
{pkg_hash_ext,[
 {<<"merklet">>, <<"B5E868DA5979F9B3C3E4E8B8171AA5C167868E35495B81731C93D8382FDD3278">>},
 {<<"quickrand">>, <<"B8ACBF89A224BC217C3070CA8BEBC6EB236DBE7F9767993B274084EA044D35F0">>},
 {<<"uuid_erl">>, <<"4E4C5CA3461DC47C5E157ED42AA3981A053B7A186792AF972A27B14A9489324E">>}]}
].
